// !$*UTF8*$!
{
	archiveVersion = 1;
	classes = {
	};
	objectVersion = 50;
	objects = {

/* Begin PBXBuildFile section */
		96850D3523D69C7A00BF1485 /* AppDelegate.swift in Sources */ = {isa = PBXBuildFile; fileRef = 96850D3423D69C7A00BF1485 /* AppDelegate.swift */; };
		96850D3723D69C7A00BF1485 /* SceneDelegate.swift in Sources */ = {isa = PBXBuildFile; fileRef = 96850D3623D69C7A00BF1485 /* SceneDelegate.swift */; };
		96850D3923D69C7A00BF1485 /* ViewController.swift in Sources */ = {isa = PBXBuildFile; fileRef = 96850D3823D69C7A00BF1485 /* ViewController.swift */; };
		96850D3C23D69C7A00BF1485 /* Main.storyboard in Resources */ = {isa = PBXBuildFile; fileRef = 96850D3A23D69C7A00BF1485 /* Main.storyboard */; };
		96850D3E23D69C7B00BF1485 /* Assets.xcassets in Resources */ = {isa = PBXBuildFile; fileRef = 96850D3D23D69C7B00BF1485 /* Assets.xcassets */; };
		96850D4123D69C7B00BF1485 /* LaunchScreen.storyboard in Resources */ = {isa = PBXBuildFile; fileRef = 96850D3F23D69C7B00BF1485 /* LaunchScreen.storyboard */; };
		96850D4C23D69C7B00BF1485 /* QuickLookDemoTests.swift in Sources */ = {isa = PBXBuildFile; fileRef = 96850D4B23D69C7B00BF1485 /* QuickLookDemoTests.swift */; };
		96850D5723D69C7B00BF1485 /* QuickLookDemoUITests.swift in Sources */ = {isa = PBXBuildFile; fileRef = 96850D5623D69C7B00BF1485 /* QuickLookDemoUITests.swift */; };
/* End PBXBuildFile section */

/* Begin PBXContainerItemProxy section */
		96850D4823D69C7B00BF1485 /* PBXContainerItemProxy */ = {
			isa = PBXContainerItemProxy;
			containerPortal = 96850D2923D69C7A00BF1485 /* Project object */;
			proxyType = 1;
			remoteGlobalIDString = 96850D3023D69C7A00BF1485;
			remoteInfo = QuickLookDemo;
		};
		96850D5323D69C7B00BF1485 /* PBXContainerItemProxy */ = {
			isa = PBXContainerItemProxy;
			containerPortal = 96850D2923D69C7A00BF1485 /* Project object */;
			proxyType = 1;
			remoteGlobalIDString = 96850D3023D69C7A00BF1485;
			remoteInfo = QuickLookDemo;
		};
/* End PBXContainerItemProxy section */

/* Begin PBXFileReference section */
		96850D3123D69C7A00BF1485 /* QuickLookDemo.app */ = {isa = PBXFileReference; explicitFileType = wrapper.application; includeInIndex = 0; path = QuickLookDemo.app; sourceTree = BUILT_PRODUCTS_DIR; };
		96850D3423D69C7A00BF1485 /* AppDelegate.swift */ = {isa = PBXFileReference; lastKnownFileType = sourcecode.swift; path = AppDelegate.swift; sourceTree = "<group>"; };
		96850D3623D69C7A00BF1485 /* SceneDelegate.swift */ = {isa = PBXFileReference; lastKnownFileType = sourcecode.swift; path = SceneDelegate.swift; sourceTree = "<group>"; };
		96850D3823D69C7A00BF1485 /* ViewController.swift */ = {isa = PBXFileReference; lastKnownFileType = sourcecode.swift; path = ViewController.swift; sourceTree = "<group>"; };
		96850D3B23D69C7A00BF1485 /* Base */ = {isa = PBXFileReference; lastKnownFileType = file.storyboard; name = Base; path = Base.lproj/Main.storyboard; sourceTree = "<group>"; };
		96850D3D23D69C7B00BF1485 /* Assets.xcassets */ = {isa = PBXFileReference; lastKnownFileType = folder.assetcatalog; path = Assets.xcassets; sourceTree = "<group>"; };
		96850D4023D69C7B00BF1485 /* Base */ = {isa = PBXFileReference; lastKnownFileType = file.storyboard; name = Base; path = Base.lproj/LaunchScreen.storyboard; sourceTree = "<group>"; };
		96850D4223D69C7B00BF1485 /* Info.plist */ = {isa = PBXFileReference; lastKnownFileType = text.plist.xml; path = Info.plist; sourceTree = "<group>"; };
		96850D4723D69C7B00BF1485 /* QuickLookDemoTests.xctest */ = {isa = PBXFileReference; explicitFileType = wrapper.cfbundle; includeInIndex = 0; path = QuickLookDemoTests.xctest; sourceTree = BUILT_PRODUCTS_DIR; };
		96850D4B23D69C7B00BF1485 /* QuickLookDemoTests.swift */ = {isa = PBXFileReference; lastKnownFileType = sourcecode.swift; path = QuickLookDemoTests.swift; sourceTree = "<group>"; };
		96850D4D23D69C7B00BF1485 /* Info.plist */ = {isa = PBXFileReference; lastKnownFileType = text.plist.xml; path = Info.plist; sourceTree = "<group>"; };
		96850D5223D69C7B00BF1485 /* QuickLookDemoUITests.xctest */ = {isa = PBXFileReference; explicitFileType = wrapper.cfbundle; includeInIndex = 0; path = QuickLookDemoUITests.xctest; sourceTree = BUILT_PRODUCTS_DIR; };
		96850D5623D69C7B00BF1485 /* QuickLookDemoUITests.swift */ = {isa = PBXFileReference; lastKnownFileType = sourcecode.swift; path = QuickLookDemoUITests.swift; sourceTree = "<group>"; };
		96850D5823D69C7B00BF1485 /* Info.plist */ = {isa = PBXFileReference; lastKnownFileType = text.plist.xml; path = Info.plist; sourceTree = "<group>"; };
/* End PBXFileReference section */

/* Begin PBXFrameworksBuildPhase section */
		96850D2E23D69C7A00BF1485 /* Frameworks */ = {
			isa = PBXFrameworksBuildPhase;
			buildActionMask = 2147483647;
			files = (
			);
			runOnlyForDeploymentPostprocessing = 0;
		};
		96850D4423D69C7B00BF1485 /* Frameworks */ = {
			isa = PBXFrameworksBuildPhase;
			buildActionMask = 2147483647;
			files = (
			);
			runOnlyForDeploymentPostprocessing = 0;
		};
		96850D4F23D69C7B00BF1485 /* Frameworks */ = {
			isa = PBXFrameworksBuildPhase;
			buildActionMask = 2147483647;
			files = (
			);
			runOnlyForDeploymentPostprocessing = 0;
		};
/* End PBXFrameworksBuildPhase section */

/* Begin PBXGroup section */
		96850D2823D69C7A00BF1485 = {
			isa = PBXGroup;
			children = (
				96850D3323D69C7A00BF1485 /* QuickLookDemo */,
				96850D4A23D69C7B00BF1485 /* QuickLookDemoTests */,
				96850D5523D69C7B00BF1485 /* QuickLookDemoUITests */,
				96850D3223D69C7A00BF1485 /* Products */,
			);
			sourceTree = "<group>";
		};
		96850D3223D69C7A00BF1485 /* Products */ = {
			isa = PBXGroup;
			children = (
				96850D3123D69C7A00BF1485 /* QuickLookDemo.app */,
				96850D4723D69C7B00BF1485 /* QuickLookDemoTests.xctest */,
				96850D5223D69C7B00BF1485 /* QuickLookDemoUITests.xctest */,
			);
			name = Products;
			sourceTree = "<group>";
		};
		96850D3323D69C7A00BF1485 /* QuickLookDemo */ = {
			isa = PBXGroup;
			children = (
				96850D3423D69C7A00BF1485 /* AppDelegate.swift */,
				96850D3623D69C7A00BF1485 /* SceneDelegate.swift */,
				96850D3823D69C7A00BF1485 /* ViewController.swift */,
				96850D3A23D69C7A00BF1485 /* Main.storyboard */,
				96850D3D23D69C7B00BF1485 /* Assets.xcassets */,
				96850D3F23D69C7B00BF1485 /* LaunchScreen.storyboard */,
				96850D4223D69C7B00BF1485 /* Info.plist */,
			);
			path = QuickLookDemo;
			sourceTree = "<group>";
		};
		96850D4A23D69C7B00BF1485 /* QuickLookDemoTests */ = {
			isa = PBXGroup;
			children = (
				96850D4B23D69C7B00BF1485 /* QuickLookDemoTests.swift */,
				96850D4D23D69C7B00BF1485 /* Info.plist */,
			);
			path = QuickLookDemoTests;
			sourceTree = "<group>";
		};
		96850D5523D69C7B00BF1485 /* QuickLookDemoUITests */ = {
			isa = PBXGroup;
			children = (
				96850D5623D69C7B00BF1485 /* QuickLookDemoUITests.swift */,
				96850D5823D69C7B00BF1485 /* Info.plist */,
			);
			path = QuickLookDemoUITests;
			sourceTree = "<group>";
		};
/* End PBXGroup section */

/* Begin PBXNativeTarget section */
		96850D3023D69C7A00BF1485 /* QuickLookDemo */ = {
			isa = PBXNativeTarget;
			buildConfigurationList = 96850D5B23D69C7B00BF1485 /* Build configuration list for PBXNativeTarget "QuickLookDemo" */;
			buildPhases = (
				96850D2D23D69C7A00BF1485 /* Sources */,
				96850D2E23D69C7A00BF1485 /* Frameworks */,
				96850D2F23D69C7A00BF1485 /* Resources */,
			);
			buildRules = (
			);
			dependencies = (
			);
			name = QuickLookDemo;
			productName = QuickLookDemo;
			productReference = 96850D3123D69C7A00BF1485 /* QuickLookDemo.app */;
			productType = "com.apple.product-type.application";
		};
		96850D4623D69C7B00BF1485 /* QuickLookDemoTests */ = {
			isa = PBXNativeTarget;
			buildConfigurationList = 96850D5E23D69C7B00BF1485 /* Build configuration list for PBXNativeTarget "QuickLookDemoTests" */;
			buildPhases = (
				96850D4323D69C7B00BF1485 /* Sources */,
				96850D4423D69C7B00BF1485 /* Frameworks */,
				96850D4523D69C7B00BF1485 /* Resources */,
			);
			buildRules = (
			);
			dependencies = (
				96850D4923D69C7B00BF1485 /* PBXTargetDependency */,
			);
			name = QuickLookDemoTests;
			productName = QuickLookDemoTests;
			productReference = 96850D4723D69C7B00BF1485 /* QuickLookDemoTests.xctest */;
			productType = "com.apple.product-type.bundle.unit-test";
		};
		96850D5123D69C7B00BF1485 /* QuickLookDemoUITests */ = {
			isa = PBXNativeTarget;
			buildConfigurationList = 96850D6123D69C7B00BF1485 /* Build configuration list for PBXNativeTarget "QuickLookDemoUITests" */;
			buildPhases = (
				96850D4E23D69C7B00BF1485 /* Sources */,
				96850D4F23D69C7B00BF1485 /* Frameworks */,
				96850D5023D69C7B00BF1485 /* Resources */,
			);
			buildRules = (
			);
			dependencies = (
				96850D5423D69C7B00BF1485 /* PBXTargetDependency */,
			);
			name = QuickLookDemoUITests;
			productName = QuickLookDemoUITests;
			productReference = 96850D5223D69C7B00BF1485 /* QuickLookDemoUITests.xctest */;
			productType = "com.apple.product-type.bundle.ui-testing";
		};
/* End PBXNativeTarget section */

/* Begin PBXProject section */
		96850D2923D69C7A00BF1485 /* Project object */ = {
			isa = PBXProject;
			attributes = {
				LastSwiftUpdateCheck = 1130;
				LastUpgradeCheck = 1130;
				ORGANIZATIONNAME = com.Cingjin;
				TargetAttributes = {
					96850D3023D69C7A00BF1485 = {
						CreatedOnToolsVersion = 11.3;
					};
					96850D4623D69C7B00BF1485 = {
						CreatedOnToolsVersion = 11.3;
						TestTargetID = 96850D3023D69C7A00BF1485;
					};
					96850D5123D69C7B00BF1485 = {
						CreatedOnToolsVersion = 11.3;
						TestTargetID = 96850D3023D69C7A00BF1485;
					};
				};
			};
			buildConfigurationList = 96850D2C23D69C7A00BF1485 /* Build configuration list for PBXProject "QuickLookDemo" */;
			compatibilityVersion = "Xcode 9.3";
			developmentRegion = en;
			hasScannedForEncodings = 0;
			knownRegions = (
				en,
				Base,
			);
			mainGroup = 96850D2823D69C7A00BF1485;
			productRefGroup = 96850D3223D69C7A00BF1485 /* Products */;
			projectDirPath = "";
			projectRoot = "";
			targets = (
				96850D3023D69C7A00BF1485 /* QuickLookDemo */,
				96850D4623D69C7B00BF1485 /* QuickLookDemoTests */,
				96850D5123D69C7B00BF1485 /* QuickLookDemoUITests */,
			);
		};
/* End PBXProject section */

/* Begin PBXResourcesBuildPhase section */
		96850D2F23D69C7A00BF1485 /* Resources */ = {
			isa = PBXResourcesBuildPhase;
			buildActionMask = 2147483647;
			files = (
				96850D4123D69C7B00BF1485 /* LaunchScreen.storyboard in Resources */,
				96850D3E23D69C7B00BF1485 /* Assets.xcassets in Resources */,
				96850D3C23D69C7A00BF1485 /* Main.storyboard in Resources */,
			);
			runOnlyForDeploymentPostprocessing = 0;
		};
		96850D4523D69C7B00BF1485 /* Resources */ = {
			isa = PBXResourcesBuildPhase;
			buildActionMask = 2147483647;
			files = (
			);
			runOnlyForDeploymentPostprocessing = 0;
		};
		96850D5023D69C7B00BF1485 /* Resources */ = {
			isa = PBXResourcesBuildPhase;
			buildActionMask = 2147483647;
			files = (
			);
			runOnlyForDeploymentPostprocessing = 0;
		};
/* End PBXResourcesBuildPhase section */

/* Begin PBXSourcesBuildPhase section */
		96850D2D23D69C7A00BF1485 /* Sources */ = {
			isa = PBXSourcesBuildPhase;
			buildActionMask = 2147483647;
			files = (
				96850D3923D69C7A00BF1485 /* ViewController.swift in Sources */,
				96850D3523D69C7A00BF1485 /* AppDelegate.swift in Sources */,
				96850D3723D69C7A00BF1485 /* SceneDelegate.swift in Sources */,
			);
			runOnlyForDeploymentPostprocessing = 0;
		};
		96850D4323D69C7B00BF1485 /* Sources */ = {
			isa = PBXSourcesBuildPhase;
			buildActionMask = 2147483647;
			files = (
				96850D4C23D69C7B00BF1485 /* QuickLookDemoTests.swift in Sources */,
			);
			runOnlyForDeploymentPostprocessing = 0;
		};
		96850D4E23D69C7B00BF1485 /* Sources */ = {
			isa = PBXSourcesBuildPhase;
			buildActionMask = 2147483647;
			files = (
				96850D5723D69C7B00BF1485 /* QuickLookDemoUITests.swift in Sources */,
			);
			runOnlyForDeploymentPostprocessing = 0;
		};
/* End PBXSourcesBuildPhase section */

/* Begin PBXTargetDependency section */
		96850D4923D69C7B00BF1485 /* PBXTargetDependency */ = {
			isa = PBXTargetDependency;
			target = 96850D3023D69C7A00BF1485 /* QuickLookDemo */;
			targetProxy = 96850D4823D69C7B00BF1485 /* PBXContainerItemProxy */;
		};
		96850D5423D69C7B00BF1485 /* PBXTargetDependency */ = {
			isa = PBXTargetDependency;
			target = 96850D3023D69C7A00BF1485 /* QuickLookDemo */;
			targetProxy = 96850D5323D69C7B00BF1485 /* PBXContainerItemProxy */;
		};
/* End PBXTargetDependency section */

/* Begin PBXVariantGroup section */
		96850D3A23D69C7A00BF1485 /* Main.storyboard */ = {
			isa = PBXVariantGroup;
			children = (
				96850D3B23D69C7A00BF1485 /* Base */,
			);
			name = Main.storyboard;
			sourceTree = "<group>";
		};
		96850D3F23D69C7B00BF1485 /* LaunchScreen.storyboard */ = {
			isa = PBXVariantGroup;
			children = (
				96850D4023D69C7B00BF1485 /* Base */,
			);
			name = LaunchScreen.storyboard;
			sourceTree = "<group>";
		};
/* End PBXVariantGroup section */

/* Begin XCBuildConfiguration section */
		96850D5923D69C7B00BF1485 /* Debug */ = {
			isa = XCBuildConfiguration;
			buildSettings = {
				ALWAYS_SEARCH_USER_PATHS = NO;
				CLANG_ANALYZER_NONNULL = YES;
				CLANG_ANALYZER_NUMBER_OBJECT_CONVERSION = YES_AGGRESSIVE;
				CLANG_CXX_LANGUAGE_STANDARD = "gnu++14";
				CLANG_CXX_LIBRARY = "libc++";
				CLANG_ENABLE_MODULES = YES;
				CLANG_ENABLE_OBJC_ARC = YES;
				CLANG_ENABLE_OBJC_WEAK = YES;
				CLANG_WARN_BLOCK_CAPTURE_AUTORELEASING = YES;
				CLANG_WARN_BOOL_CONVERSION = YES;
				CLANG_WARN_COMMA = YES;
				CLANG_WARN_CONSTANT_CONVERSION = YES;
				CLANG_WARN_DEPRECATED_OBJC_IMPLEMENTATIONS = YES;
				CLANG_WARN_DIRECT_OBJC_ISA_USAGE = YES_ERROR;
				CLANG_WARN_DOCUMENTATION_COMMENTS = YES;
				CLANG_WARN_EMPTY_BODY = YES;
				CLANG_WARN_ENUM_CONVERSION = YES;
				CLANG_WARN_INFINITE_RECURSION = YES;
				CLANG_WARN_INT_CONVERSION = YES;
				CLANG_WARN_NON_LITERAL_NULL_CONVERSION = YES;
				CLANG_WARN_OBJC_IMPLICIT_RETAIN_SELF = YES;
				CLANG_WARN_OBJC_LITERAL_CONVERSION = YES;
				CLANG_WARN_OBJC_ROOT_CLASS = YES_ERROR;
				CLANG_WARN_RANGE_LOOP_ANALYSIS = YES;
				CLANG_WARN_STRICT_PROTOTYPES = YES;
				CLANG_WARN_SUSPICIOUS_MOVE = YES;
				CLANG_WARN_UNGUARDED_AVAILABILITY = YES_AGGRESSIVE;
				CLANG_WARN_UNREACHABLE_CODE = YES;
				CLANG_WARN__DUPLICATE_METHOD_MATCH = YES;
				COPY_PHASE_STRIP = NO;
				DEBUG_INFORMATION_FORMAT = dwarf;
				ENABLE_STRICT_OBJC_MSGSEND = YES;
				ENABLE_TESTABILITY = YES;
				GCC_C_LANGUAGE_STANDARD = gnu11;
				GCC_DYNAMIC_NO_PIC = NO;
				GCC_NO_COMMON_BLOCKS = YES;
				GCC_OPTIMIZATION_LEVEL = 0;
				GCC_PREPROCESSOR_DEFINITIONS = (
					"DEBUG=1",
					"$(inherited)",
				);
				GCC_WARN_64_TO_32_BIT_CONVERSION = YES;
				GCC_WARN_ABOUT_RETURN_TYPE = YES_ERROR;
				GCC_WARN_UNDECLARED_SELECTOR = YES;
				GCC_WARN_UNINITIALIZED_AUTOS = YES_AGGRESSIVE;
				GCC_WARN_UNUSED_FUNCTION = YES;
				GCC_WARN_UNUSED_VARIABLE = YES;
				IPHONEOS_DEPLOYMENT_TARGET = 13.2;
				MTL_ENABLE_DEBUG_INFO = INCLUDE_SOURCE;
				MTL_FAST_MATH = YES;
				ONLY_ACTIVE_ARCH = YES;
				SDKROOT = iphoneos;
				SWIFT_ACTIVE_COMPILATION_CONDITIONS = DEBUG;
				SWIFT_OPTIMIZATION_LEVEL = "-Onone";
			};
			name = Debug;
		};
		96850D5A23D69C7B00BF1485 /* Release */ = {
			isa = XCBuildConfiguration;
			buildSettings = {
				ALWAYS_SEARCH_USER_PATHS = NO;
				CLANG_ANALYZER_NONNULL = YES;
				CLANG_ANALYZER_NUMBER_OBJECT_CONVERSION = YES_AGGRESSIVE;
				CLANG_CXX_LANGUAGE_STANDARD = "gnu++14";
				CLANG_CXX_LIBRARY = "libc++";
				CLANG_ENABLE_MODULES = YES;
				CLANG_ENABLE_OBJC_ARC = YES;
				CLANG_ENABLE_OBJC_WEAK = YES;
				CLANG_WARN_BLOCK_CAPTURE_AUTORELEASING = YES;
				CLANG_WARN_BOOL_CONVERSION = YES;
				CLANG_WARN_COMMA = YES;
				CLANG_WARN_CONSTANT_CONVERSION = YES;
				CLANG_WARN_DEPRECATED_OBJC_IMPLEMENTATIONS = YES;
				CLANG_WARN_DIRECT_OBJC_ISA_USAGE = YES_ERROR;
				CLANG_WARN_DOCUMENTATION_COMMENTS = YES;
				CLANG_WARN_EMPTY_BODY = YES;
				CLANG_WARN_ENUM_CONVERSION = YES;
				CLANG_WARN_INFINITE_RECURSION = YES;
				CLANG_WARN_INT_CONVERSION = YES;
				CLANG_WARN_NON_LITERAL_NULL_CONVERSION = YES;
				CLANG_WARN_OBJC_IMPLICIT_RETAIN_SELF = YES;
				CLANG_WARN_OBJC_LITERAL_CONVERSION = YES;
				CLANG_WARN_OBJC_ROOT_CLASS = YES_ERROR;
				CLANG_WARN_RANGE_LOOP_ANALYSIS = YES;
				CLANG_WARN_STRICT_PROTOTYPES = YES;
				CLANG_WARN_SUSPICIOUS_MOVE = YES;
				CLANG_WARN_UNGUARDED_AVAILABILITY = YES_AGGRESSIVE;
				CLANG_WARN_UNREACHABLE_CODE = YES;
				CLANG_WARN__DUPLICATE_METHOD_MATCH = YES;
				COPY_PHASE_STRIP = NO;
				DEBUG_INFORMATION_FORMAT = "dwarf-with-dsym";
				ENABLE_NS_ASSERTIONS = NO;
				ENABLE_STRICT_OBJC_MSGSEND = YES;
				GCC_C_LANGUAGE_STANDARD = gnu11;
				GCC_NO_COMMON_BLOCKS = YES;
				GCC_WARN_64_TO_32_BIT_CONVERSION = YES;
				GCC_WARN_ABOUT_RETURN_TYPE = YES_ERROR;
				GCC_WARN_UNDECLARED_SELECTOR = YES;
				GCC_WARN_UNINITIALIZED_AUTOS = YES_AGGRESSIVE;
				GCC_WARN_UNUSED_FUNCTION = YES;
				GCC_WARN_UNUSED_VARIABLE = YES;
				IPHONEOS_DEPLOYMENT_TARGET = 13.2;
				MTL_ENABLE_DEBUG_INFO = NO;
				MTL_FAST_MATH = YES;
				SDKROOT = iphoneos;
				SWIFT_COMPILATION_MODE = wholemodule;
				SWIFT_OPTIMIZATION_LEVEL = "-O";
				VALIDATE_PRODUCT = YES;
			};
			name = Release;
		};
		96850D5C23D69C7B00BF1485 /* Debug */ = {
			isa = XCBuildConfiguration;
			buildSettings = {
				ASSETCATALOG_COMPILER_APPICON_NAME = AppIcon;
				CODE_SIGN_STYLE = Automatic;
				INFOPLIST_FILE = QuickLookDemo/Info.plist;
				LD_RUNPATH_SEARCH_PATHS = (
					"$(inherited)",
					"@executable_path/Frameworks",
				);
				PRODUCT_BUNDLE_IDENTIFIER = com.CingjinLanScan.QuickLookDemo;
				PRODUCT_NAME = "$(TARGET_NAME)";
				SWIFT_VERSION = 5.0;
				TARGETED_DEVICE_FAMILY = "1,2";
			};
			name = Debug;
		};
		96850D5D23D69C7B00BF1485 /* Release */ = {
			isa = XCBuildConfiguration;
			buildSettings = {
				ASSETCATALOG_COMPILER_APPICON_NAME = AppIcon;
				CODE_SIGN_STYLE = Automatic;
				INFOPLIST_FILE = QuickLookDemo/Info.plist;
				LD_RUNPATH_SEARCH_PATHS = (
					"$(inherited)",
					"@executable_path/Frameworks",
				);
				PRODUCT_BUNDLE_IDENTIFIER = com.CingjinLanScan.QuickLookDemo;
				PRODUCT_NAME = "$(TARGET_NAME)";
				SWIFT_VERSION = 5.0;
				TARGETED_DEVICE_FAMILY = "1,2";
			};
			name = Release;
		};
		96850D5F23D69C7B00BF1485 /* Debug */ = {
			isa = XCBuildConfiguration;
			buildSettings = {
				ALWAYS_EMBED_SWIFT_STANDARD_LIBRARIES = YES;
				BUNDLE_LOADER = "$(TEST_HOST)";
				CODE_SIGN_STYLE = Automatic;
				INFOPLIST_FILE = QuickLookDemoTests/Info.plist;
				IPHONEOS_DEPLOYMENT_TARGET = 13.2;
				LD_RUNPATH_SEARCH_PATHS = (
					"$(inherited)",
					"@executable_path/Frameworks",
					"@loader_path/Frameworks",
				);
				PRODUCT_BUNDLE_IDENTIFIER = com.CingjinLanScan.QuickLookDemoTests;
				PRODUCT_NAME = "$(TARGET_NAME)";
				SWIFT_VERSION = 5.0;
				TARGETED_DEVICE_FAMILY = "1,2";
				TEST_HOST = "$(BUILT_PRODUCTS_DIR)/QuickLookDemo.app/QuickLookDemo";
			};
			name = Debug;
		};
		96850D6023D69C7B00BF1485 /* Release */ = {
			isa = XCBuildConfiguration;
			buildSettings = {
				ALWAYS_EMBED_SWIFT_STANDARD_LIBRARIES = YES;
				BUNDLE_LOADER = "$(TEST_HOST)";
				CODE_SIGN_STYLE = Automatic;
				INFOPLIST_FILE = QuickLookDemoTests/Info.plist;
				IPHONEOS_DEPLOYMENT_TARGET = 13.2;
				LD_RUNPATH_SEARCH_PATHS = (
					"$(inherited)",
					"@executable_path/Frameworks",
					"@loader_path/Frameworks",
				);
				PRODUCT_BUNDLE_IDENTIFIER = com.CingjinLanScan.QuickLookDemoTests;
				PRODUCT_NAME = "$(TARGET_NAME)";
				SWIFT_VERSION = 5.0;
				TARGETED_DEVICE_FAMILY = "1,2";
				TEST_HOST = "$(BUILT_PRODUCTS_DIR)/QuickLookDemo.app/QuickLookDemo";
			};
			name = Release;
		};
		96850D6223D69C7B00BF1485 /* Debug */ = {
			isa = XCBuildConfiguration;
			buildSettings = {
				ALWAYS_EMBED_SWIFT_STANDARD_LIBRARIES = YES;
				CODE_SIGN_STYLE = Automatic;
				INFOPLIST_FILE = QuickLookDemoUITests/Info.plist;
				LD_RUNPATH_SEARCH_PATHS = (
					"$(inherited)",
					"@executable_path/Frameworks",
					"@loader_path/Frameworks",
				);
				PRODUCT_BUNDLE_IDENTIFIER = com.CingjinLanScan.QuickLookDemoUITests;
				PRODUCT_NAME = "$(TARGET_NAME)";
				SWIFT_VERSION = 5.0;
				TARGETED_DEVICE_FAMILY = "1,2";
				TEST_TARGET_NAME = QuickLookDemo;
			};
			name = Debug;
		};
		96850D6323D69C7B00BF1485 /* Release */ = {
			isa = XCBuildConfiguration;
			buildSettings = {
				ALWAYS_EMBED_SWIFT_STANDARD_LIBRARIES = YES;
				CODE_SIGN_STYLE = Automatic;
				INFOPLIST_FILE = QuickLookDemoUITests/Info.plist;
				LD_RUNPATH_SEARCH_PATHS = (
					"$(inherited)",
					"@executable_path/Frameworks",
					"@loader_path/Frameworks",
				);
				PRODUCT_BUNDLE_IDENTIFIER = com.CingjinLanScan.QuickLookDemoUITests;
				PRODUCT_NAME = "$(TARGET_NAME)";
				SWIFT_VERSION = 5.0;
				TARGETED_DEVICE_FAMILY = "1,2";
				TEST_TARGET_NAME = QuickLookDemo;
			};
			name = Release;
		};
/* End XCBuildConfiguration section */

/* Begin XCConfigurationList section */
		96850D2C23D69C7A00BF1485 /* Build configuration list for PBXProject "QuickLookDemo" */ = {
			isa = XCConfigurationList;
			buildConfigurations = (
				96850D5923D69C7B00BF1485 /* Debug */,
				96850D5A23D69C7B00BF1485 /* Release */,
			);
			defaultConfigurationIsVisible = 0;
			defaultConfigurationName = Release;
		};
		96850D5B23D69C7B00BF1485 /* Build configuration list for PBXNativeTarget "QuickLookDemo" */ = {
			isa = XCConfigurationList;
			buildConfigurations = (
				96850D5C23D69C7B00BF1485 /* Debug */,
				96850D5D23D69C7B00BF1485 /* Release */,
			);
			defaultConfigurationIsVisible = 0;
			defaultConfigurationName = Release;
		};
		96850D5E23D69C7B00BF1485 /* Build configuration list for PBXNativeTarget "QuickLookDemoTests" */ = {
			isa = XCConfigurationList;
			buildConfigurations = (
				96850D5F23D69C7B00BF1485 /* Debug */,
				96850D6023D69C7B00BF1485 /* Release */,
			);
			defaultConfigurationIsVisible = 0;
			defaultConfigurationName = Release;
		};
		96850D6123D69C7B00BF1485 /* Build configuration list for PBXNativeTarget "QuickLookDemoUITests" */ = {
			isa = XCConfigurationList;
			buildConfigurations = (
				96850D6223D69C7B00BF1485 /* Debug */,
				96850D6323D69C7B00BF1485 /* Release */,
			);
			defaultConfigurationIsVisible = 0;
			defaultConfigurationName = Release;
		};
/* End XCConfigurationList section */
	};
	rootObject = 96850D2923D69C7A00BF1485 /* Project object */;
}
